// !$*UTF8*$!
{
	archiveVersion = 1;
	classes = {
	};
	objectVersion = 48;
	objects = {

/* Begin PBXBuildFile section */
		0313515B1F00391A00750619 /* Prediction.swift in Sources */ = {isa = PBXBuildFile; fileRef = 0313515A1F00391A00750619 /* Prediction.swift */; };
		0346CFE51F004365008E6C42 /* Inceptionv3.mlmodel in Sources */ = {isa = PBXBuildFile; fileRef = 0346CFE41F004364008E6C42 /* Inceptionv3.mlmodel */; };
		0346CFE71F0043BD008E6C42 /* img6.png in Resources */ = {isa = PBXBuildFile; fileRef = 0346CFE61F0043A0008E6C42 /* img6.png */; };
		038020521EFFC7D1002ACB93 /* img1.png in Resources */ = {isa = PBXBuildFile; fileRef = 0380204F1EFFC727002ACB93 /* img1.png */; };
		038020531EFFC7D1002ACB93 /* img2.png in Resources */ = {isa = PBXBuildFile; fileRef = 038020501EFFC727002ACB93 /* img2.png */; };
		038020541EFFC7D1002ACB93 /* img3.png in Resources */ = {isa = PBXBuildFile; fileRef = 038020511EFFC727002ACB93 /* img3.png */; };
		038020571EFFE4B2002ACB93 /* img4.png in Resources */ = {isa = PBXBuildFile; fileRef = 038020561EFFE45F002ACB93 /* img4.png */; };
		038020581EFFE4B2002ACB93 /* img5.png in Resources */ = {isa = PBXBuildFile; fileRef = 038020551EFFE45F002ACB93 /* img5.png */; };
		0380205B1EFFE63F002ACB93 /* Extensions.swift in Sources */ = {isa = PBXBuildFile; fileRef = 0380205A1EFFE63F002ACB93 /* Extensions.swift */; };
		03A474641EF1ABAD00E393E0 /* AppDelegate.swift in Sources */ = {isa = PBXBuildFile; fileRef = 03A474631EF1ABAD00E393E0 /* AppDelegate.swift */; };
		03A474661EF1ABAD00E393E0 /* ViewController.swift in Sources */ = {isa = PBXBuildFile; fileRef = 03A474651EF1ABAD00E393E0 /* ViewController.swift */; };
		03A474691EF1ABAD00E393E0 /* Main.storyboard in Resources */ = {isa = PBXBuildFile; fileRef = 03A474671EF1ABAD00E393E0 /* Main.storyboard */; };
		03A4746B1EF1ABAD00E393E0 /* Assets.xcassets in Resources */ = {isa = PBXBuildFile; fileRef = 03A4746A1EF1ABAD00E393E0 /* Assets.xcassets */; };
		03A4746E1EF1ABAD00E393E0 /* LaunchScreen.storyboard in Resources */ = {isa = PBXBuildFile; fileRef = 03A4746C1EF1ABAD00E393E0 /* LaunchScreen.storyboard */; };
/* End PBXBuildFile section */

/* Begin PBXFileReference section */
		0313515A1F00391A00750619 /* Prediction.swift */ = {isa = PBXFileReference; lastKnownFileType = sourcecode.swift; path = Prediction.swift; sourceTree = "<group>"; };
		0346CFE41F004364008E6C42 /* Inceptionv3.mlmodel */ = {isa = PBXFileReference; lastKnownFileType = file.mlmodel; name = Inceptionv3.mlmodel; path = ../../../../CoreMLUnsplash/UnsplashExplorer/Resources/Inceptionv3.mlmodel; sourceTree = "<group>"; };
		0346CFE61F0043A0008E6C42 /* img6.png */ = {isa = PBXFileReference; lastKnownFileType = image.png; path = img6.png; sourceTree = "<group>"; };
		0380204F1EFFC727002ACB93 /* img1.png */ = {isa = PBXFileReference; lastKnownFileType = image.png; path = img1.png; sourceTree = "<group>"; };
		038020501EFFC727002ACB93 /* img2.png */ = {isa = PBXFileReference; lastKnownFileType = image.png; path = img2.png; sourceTree = "<group>"; };
		038020511EFFC727002ACB93 /* img3.png */ = {isa = PBXFileReference; lastKnownFileType = image.png; path = img3.png; sourceTree = "<group>"; };
		038020551EFFE45F002ACB93 /* img5.png */ = {isa = PBXFileReference; lastKnownFileType = image.png; path = img5.png; sourceTree = "<group>"; };
		038020561EFFE45F002ACB93 /* img4.png */ = {isa = PBXFileReference; lastKnownFileType = image.png; path = img4.png; sourceTree = "<group>"; };
		0380205A1EFFE63F002ACB93 /* Extensions.swift */ = {isa = PBXFileReference; lastKnownFileType = sourcecode.swift; path = Extensions.swift; sourceTree = "<group>"; };
		03A474601EF1ABAD00E393E0 /* MLTest-CoreML.app */ = {isa = PBXFileReference; explicitFileType = wrapper.application; includeInIndex = 0; path = "MLTest-CoreML.app"; sourceTree = BUILT_PRODUCTS_DIR; };
		03A474631EF1ABAD00E393E0 /* AppDelegate.swift */ = {isa = PBXFileReference; lastKnownFileType = sourcecode.swift; path = AppDelegate.swift; sourceTree = "<group>"; };
		03A474651EF1ABAD00E393E0 /* ViewController.swift */ = {isa = PBXFileReference; lastKnownFileType = sourcecode.swift; path = ViewController.swift; sourceTree = "<group>"; };
		03A474681EF1ABAD00E393E0 /* Base */ = {isa = PBXFileReference; lastKnownFileType = file.storyboard; name = Base; path = Base.lproj/Main.storyboard; sourceTree = "<group>"; };
		03A4746A1EF1ABAD00E393E0 /* Assets.xcassets */ = {isa = PBXFileReference; lastKnownFileType = folder.assetcatalog; path = Assets.xcassets; sourceTree = "<group>"; };
		03A4746D1EF1ABAD00E393E0 /* Base */ = {isa = PBXFileReference; lastKnownFileType = file.storyboard; name = Base; path = Base.lproj/LaunchScreen.storyboard; sourceTree = "<group>"; };
		03A4746F1EF1ABAD00E393E0 /* Info.plist */ = {isa = PBXFileReference; lastKnownFileType = text.plist.xml; path = Info.plist; sourceTree = "<group>"; };
/* End PBXFileReference section */

/* Begin PBXFrameworksBuildPhase section */
		03A4745D1EF1ABAD00E393E0 /* Frameworks */ = {
			isa = PBXFrameworksBuildPhase;
			buildActionMask = 2147483647;
			files = (
			);
			runOnlyForDeploymentPostprocessing = 0;
		};
/* End PBXFrameworksBuildPhase section */

/* Begin PBXGroup section */
		031351591F00390300750619 /* Models */ = {
			isa = PBXGroup;
			children = (
				0313515A1F00391A00750619 /* Prediction.swift */,
			);
			path = Models;
			sourceTree = "<group>";
		};
		0380204B1EFFC5BF002ACB93 /* Resources */ = {
			isa = PBXGroup;
			children = (
				0346CFE41F004364008E6C42 /* Inceptionv3.mlmodel */,
				03A474671EF1ABAD00E393E0 /* Main.storyboard */,
				03A4746A1EF1ABAD00E393E0 /* Assets.xcassets */,
				03A4746C1EF1ABAD00E393E0 /* LaunchScreen.storyboard */,
				0380204F1EFFC727002ACB93 /* img1.png */,
				038020501EFFC727002ACB93 /* img2.png */,
				038020511EFFC727002ACB93 /* img3.png */,
				038020561EFFE45F002ACB93 /* img4.png */,
				038020551EFFE45F002ACB93 /* img5.png */,
				0346CFE61F0043A0008E6C42 /* img6.png */,
			);
			path = Resources;
			sourceTree = "<group>";
		};
		038020591EFFE619002ACB93 /* Extensions */ = {
			isa = PBXGroup;
			children = (
				0380205A1EFFE63F002ACB93 /* Extensions.swift */,
			);
			path = Extensions;
			sourceTree = "<group>";
		};
		03A474571EF1ABAD00E393E0 = {
			isa = PBXGroup;
			children = (
				03A474621EF1ABAD00E393E0 /* MLTest-CoreML */,
				03A474611EF1ABAD00E393E0 /* Products */,
			);
			sourceTree = "<group>";
		};
		03A474611EF1ABAD00E393E0 /* Products */ = {
			isa = PBXGroup;
			children = (
				03A474601EF1ABAD00E393E0 /* MLTest-CoreML.app */,
			);
			name = Products;
			sourceTree = "<group>";
		};
		03A474621EF1ABAD00E393E0 /* MLTest-CoreML */ = {
			isa = PBXGroup;
			children = (
				031351591F00390300750619 /* Models */,
				0380204B1EFFC5BF002ACB93 /* Resources */,
				038020591EFFE619002ACB93 /* Extensions */,
				03A474631EF1ABAD00E393E0 /* AppDelegate.swift */,
				03A474651EF1ABAD00E393E0 /* ViewController.swift */,
				03A4746F1EF1ABAD00E393E0 /* Info.plist */,
			);
			path = "MLTest-CoreML";
			sourceTree = "<group>";
		};
/* End PBXGroup section */

/* Begin PBXNativeTarget section */
		03A4745F1EF1ABAD00E393E0 /* MLTest-CoreML */ = {
			isa = PBXNativeTarget;
			buildConfigurationList = 03A474721EF1ABAD00E393E0 /* Build configuration list for PBXNativeTarget "MLTest-CoreML" */;
			buildPhases = (
				03A4745C1EF1ABAD00E393E0 /* Sources */,
				03A4745D1EF1ABAD00E393E0 /* Frameworks */,
				03A4745E1EF1ABAD00E393E0 /* Resources */,
			);
			buildRules = (
			);
			dependencies = (
			);
			name = "MLTest-CoreML";
			productName = "MLTest-CoreML";
			productReference = 03A474601EF1ABAD00E393E0 /* MLTest-CoreML.app */;
			productType = "com.apple.product-type.application";
		};
/* End PBXNativeTarget section */

/* Begin PBXProject section */
		03A474581EF1ABAD00E393E0 /* Project object */ = {
			isa = PBXProject;
			attributes = {
				LastSwiftUpdateCheck = 0900;
				LastUpgradeCheck = 0900;
				ORGANIZATIONNAME = Xmen;
				TargetAttributes = {
					03A4745F1EF1ABAD00E393E0 = {
						CreatedOnToolsVersion = 9.0;
					};
				};
			};
			buildConfigurationList = 03A4745B1EF1ABAD00E393E0 /* Build configuration list for PBXProject "MLTest-CoreML" */;
			compatibilityVersion = "Xcode 8.0";
			developmentRegion = en;
			hasScannedForEncodings = 0;
			knownRegions = (
				en,
				Base,
			);
			mainGroup = 03A474571EF1ABAD00E393E0;
			productRefGroup = 03A474611EF1ABAD00E393E0 /* Products */;
			projectDirPath = "";
			projectRoot = "";
			targets = (
				03A4745F1EF1ABAD00E393E0 /* MLTest-CoreML */,
			);
		};
/* End PBXProject section */

/* Begin PBXResourcesBuildPhase section */
		03A4745E1EF1ABAD00E393E0 /* Resources */ = {
			isa = PBXResourcesBuildPhase;
			buildActionMask = 2147483647;
			files = (
				0346CFE71F0043BD008E6C42 /* img6.png in Resources */,
				038020571EFFE4B2002ACB93 /* img4.png in Resources */,
				038020581EFFE4B2002ACB93 /* img5.png in Resources */,
				038020521EFFC7D1002ACB93 /* img1.png in Resources */,
				038020531EFFC7D1002ACB93 /* img2.png in Resources */,
				038020541EFFC7D1002ACB93 /* img3.png in Resources */,
				03A4746E1EF1ABAD00E393E0 /* LaunchScreen.storyboard in Resources */,
				03A4746B1EF1ABAD00E393E0 /* Assets.xcassets in Resources */,
				03A474691EF1ABAD00E393E0 /* Main.storyboard in Resources */,
			);
			runOnlyForDeploymentPostprocessing = 0;
		};
/* End PBXResourcesBuildPhase section */

/* Begin PBXSourcesBuildPhase section */
		03A4745C1EF1ABAD00E393E0 /* Sources */ = {
			isa = PBXSourcesBuildPhase;
			buildActionMask = 2147483647;
			files = (
				0346CFE51F004365008E6C42 /* Inceptionv3.mlmodel in Sources */,
				03A474661EF1ABAD00E393E0 /* ViewController.swift in Sources */,
				0313515B1F00391A00750619 /* Prediction.swift in Sources */,
				03A474641EF1ABAD00E393E0 /* AppDelegate.swift in Sources */,
				0380205B1EFFE63F002ACB93 /* Extensions.swift in Sources */,
			);
			runOnlyForDeploymentPostprocessing = 0;
		};
/* End PBXSourcesBuildPhase section */

/* Begin PBXVariantGroup section */
		03A474671EF1ABAD00E393E0 /* Main.storyboard */ = {
			isa = PBXVariantGroup;
			children = (
				03A474681EF1ABAD00E393E0 /* Base */,
			);
			name = Main.storyboard;
			sourceTree = "<group>";
		};
		03A4746C1EF1ABAD00E393E0 /* LaunchScreen.storyboard */ = {
			isa = PBXVariantGroup;
			children = (
				03A4746D1EF1ABAD00E393E0 /* Base */,
			);
			name = LaunchScreen.storyboard;
			sourceTree = "<group>";
		};
/* End PBXVariantGroup section */

/* Begin XCBuildConfiguration section */
		03A474701EF1ABAD00E393E0 /* Debug */ = {
			isa = XCBuildConfiguration;
			buildSettings = {
				ALWAYS_SEARCH_USER_PATHS = NO;
				CLANG_ANALYZER_NONNULL = YES;
				CLANG_ANALYZER_NUMBER_OBJECT_CONVERSION = YES_AGGRESSIVE;
				CLANG_CXX_LANGUAGE_STANDARD = "gnu++14";
				CLANG_CXX_LIBRARY = "libc++";
				CLANG_ENABLE_MODULES = YES;
				CLANG_ENABLE_OBJC_ARC = YES;
				CLANG_WARN_BLOCK_CAPTURE_AUTORELEASING = YES;
				CLANG_WARN_BOOL_CONVERSION = YES;
				CLANG_WARN_COMMA = YES;
				CLANG_WARN_CONSTANT_CONVERSION = YES;
				CLANG_WARN_DIRECT_OBJC_ISA_USAGE = YES_ERROR;
				CLANG_WARN_DOCUMENTATION_COMMENTS = YES;
				CLANG_WARN_EMPTY_BODY = YES;
				CLANG_WARN_ENUM_CONVERSION = YES;
				CLANG_WARN_INFINITE_RECURSION = YES;
				CLANG_WARN_INT_CONVERSION = YES;
				CLANG_WARN_OBJC_ROOT_CLASS = YES_ERROR;
				CLANG_WARN_RANGE_LOOP_ANALYSIS = YES;
				CLANG_WARN_STRICT_PROTOTYPES = YES;
				CLANG_WARN_SUSPICIOUS_MOVE = YES;
				CLANG_WARN_UNGUARDED_AVAILABILITY = YES_AGGRESSIVE;
				CLANG_WARN_UNREACHABLE_CODE = YES;
				CLANG_WARN__DUPLICATE_METHOD_MATCH = YES;
				CODE_SIGN_IDENTITY = "iPhone Developer";
				COPY_PHASE_STRIP = NO;
				DEBUG_INFORMATION_FORMAT = dwarf;
				ENABLE_STRICT_OBJC_MSGSEND = YES;
				ENABLE_TESTABILITY = YES;
				GCC_C_LANGUAGE_STANDARD = gnu11;
				GCC_DYNAMIC_NO_PIC = NO;
				GCC_NO_COMMON_BLOCKS = YES;
				GCC_OPTIMIZATION_LEVEL = 0;
				GCC_PREPROCESSOR_DEFINITIONS = (
					"DEBUG=1",
					"$(inherited)",
				);
				GCC_WARN_64_TO_32_BIT_CONVERSION = YES;
				GCC_WARN_ABOUT_RETURN_TYPE = YES_ERROR;
				GCC_WARN_UNDECLARED_SELECTOR = YES;
				GCC_WARN_UNINITIALIZED_AUTOS = YES_AGGRESSIVE;
				GCC_WARN_UNUSED_FUNCTION = YES;
				GCC_WARN_UNUSED_VARIABLE = YES;
				IPHONEOS_DEPLOYMENT_TARGET = 11.0;
				MTL_ENABLE_DEBUG_INFO = YES;
				ONLY_ACTIVE_ARCH = YES;
				SDKROOT = iphoneos;
				SWIFT_ACTIVE_COMPILATION_CONDITIONS = DEBUG;
				SWIFT_OPTIMIZATION_LEVEL = "-Onone";
			};
			name = Debug;
		};
		03A474711EF1ABAD00E393E0 /* Release */ = {
			isa = XCBuildConfiguration;
			buildSettings = {
				ALWAYS_SEARCH_USER_PATHS = NO;
				CLANG_ANALYZER_NONNULL = YES;
				CLANG_ANALYZER_NUMBER_OBJECT_CONVERSION = YES_AGGRESSIVE;
				CLANG_CXX_LANGUAGE_STANDARD = "gnu++14";
				CLANG_CXX_LIBRARY = "libc++";
				CLANG_ENABLE_MODULES = YES;
				CLANG_ENABLE_OBJC_ARC = YES;
				CLANG_WARN_BLOCK_CAPTURE_AUTORELEASING = YES;
				CLANG_WARN_BOOL_CONVERSION = YES;
				CLANG_WARN_COMMA = YES;
				CLANG_WARN_CONSTANT_CONVERSION = YES;
				CLANG_WARN_DIRECT_OBJC_ISA_USAGE = YES_ERROR;
				CLANG_WARN_DOCUMENTATION_COMMENTS = YES;
				CLANG_WARN_EMPTY_BODY = YES;
				CLANG_WARN_ENUM_CONVERSION = YES;
				CLANG_WARN_INFINITE_RECURSION = YES;
				CLANG_WARN_INT_CONVERSION = YES;
				CLANG_WARN_OBJC_ROOT_CLASS = YES_ERROR;
				CLANG_WARN_RANGE_LOOP_ANALYSIS = YES;
				CLANG_WARN_STRICT_PROTOTYPES = YES;
				CLANG_WARN_SUSPICIOUS_MOVE = YES;
				CLANG_WARN_UNGUARDED_AVAILABILITY = YES_AGGRESSIVE;
				CLANG_WARN_UNREACHABLE_CODE = YES;
				CLANG_WARN__DUPLICATE_METHOD_MATCH = YES;
				CODE_SIGN_IDENTITY = "iPhone Developer";
				COPY_PHASE_STRIP = NO;
				DEBUG_INFORMATION_FORMAT = "dwarf-with-dsym";
				ENABLE_NS_ASSERTIONS = NO;
				ENABLE_STRICT_OBJC_MSGSEND = YES;
				GCC_C_LANGUAGE_STANDARD = gnu11;
				GCC_NO_COMMON_BLOCKS = YES;
				GCC_WARN_64_TO_32_BIT_CONVERSION = YES;
				GCC_WARN_ABOUT_RETURN_TYPE = YES_ERROR;
				GCC_WARN_UNDECLARED_SELECTOR = YES;
				GCC_WARN_UNINITIALIZED_AUTOS = YES_AGGRESSIVE;
				GCC_WARN_UNUSED_FUNCTION = YES;
				GCC_WARN_UNUSED_VARIABLE = YES;
				IPHONEOS_DEPLOYMENT_TARGET = 11.0;
				MTL_ENABLE_DEBUG_INFO = NO;
				SDKROOT = iphoneos;
				SWIFT_OPTIMIZATION_LEVEL = "-Owholemodule";
				VALIDATE_PRODUCT = YES;
			};
			name = Release;
		};
		03A474731EF1ABAD00E393E0 /* Debug */ = {
			isa = XCBuildConfiguration;
			buildSettings = {
				ASSETCATALOG_COMPILER_APPICON_NAME = AppIcon;
				INFOPLIST_FILE = "MLTest-CoreML/Info.plist";
				LD_RUNPATH_SEARCH_PATHS = "$(inherited) @executable_path/Frameworks";
				PRODUCT_BUNDLE_IDENTIFIER = "com.xmen.MLTest-CoreML";
				PRODUCT_NAME = "$(TARGET_NAME)";
				SWIFT_VERSION = 4.0;
				TARGETED_DEVICE_FAMILY = "1,2";
			};
			name = Debug;
		};
		03A474741EF1ABAD00E393E0 /* Release */ = {
			isa = XCBuildConfiguration;
			buildSettings = {
				ASSETCATALOG_COMPILER_APPICON_NAME = AppIcon;
				INFOPLIST_FILE = "MLTest-CoreML/Info.plist";
				LD_RUNPATH_SEARCH_PATHS = "$(inherited) @executable_path/Frameworks";
				PRODUCT_BUNDLE_IDENTIFIER = "com.xmen.MLTest-CoreML";
				PRODUCT_NAME = "$(TARGET_NAME)";
				SWIFT_VERSION = 4.0;
				TARGETED_DEVICE_FAMILY = "1,2";
			};
			name = Release;
		};
/* End XCBuildConfiguration section */

/* Begin XCConfigurationList section */
		03A4745B1EF1ABAD00E393E0 /* Build configuration list for PBXProject "MLTest-CoreML" */ = {
			isa = XCConfigurationList;
			buildConfigurations = (
				03A474701EF1ABAD00E393E0 /* Debug */,
				03A474711EF1ABAD00E393E0 /* Release */,
			);
			defaultConfigurationIsVisible = 0;
			defaultConfigurationName = Release;
		};
		03A474721EF1ABAD00E393E0 /* Build configuration list for PBXNativeTarget "MLTest-CoreML" */ = {
			isa = XCConfigurationList;
			buildConfigurations = (
				03A474731EF1ABAD00E393E0 /* Debug */,
				03A474741EF1ABAD00E393E0 /* Release */,
			);
			defaultConfigurationIsVisible = 0;
			defaultConfigurationName = Release;
		};
/* End XCConfigurationList section */
	};
	rootObject = 03A474581EF1ABAD00E393E0 /* Project object */;
}
